
Microsoft Visual Studio Solution File, Format Version 12.00
# Visual Studio Version 16
VisualStudioVersion = 16.0.31321.278
MinimumVisualStudioVersion = 10.0.40219.1
Project("{FAE04EC0-301F-11D3-BF4B-00C04F79EFBC}") = "dotnetcore-rate-limiting", "dotnetcore-rate-limiting.csproj", "{611DF1CD-3709-40DF-87AA-F764AA57981E}"
EndProject
Global
	GlobalSection(SolutionConfigurationPlatforms) = preSolution
		Debug|Any CPU = Debug|Any CPU
		Release|Any CPU = Release|Any CPU
	EndGlobalSection
	GlobalSection(ProjectConfigurationPlatforms) = postSolution
		{611DF1CD-3709-40DF-87AA-F764AA57981E}.Debug|Any CPU.ActiveCfg = Debug|Any CPU
		{611DF1CD-3709-40DF-87AA-F764AA57981E}.Debug|Any CPU.Build.0 = Debug|Any CPU
		{611DF1CD-3709-40DF-87AA-F764AA57981E}.Release|Any CPU.ActiveCfg = Release|Any CPU
		{611DF1CD-3709-40DF-87AA-F764AA57981E}.Release|Any CPU.Build.0 = Release|Any CPU
	EndGlobalSection
	GlobalSection(SolutionProperties) = preSolution
		HideSolutionNode = FALSE
	EndGlobalSection
	GlobalSection(ExtensibilityGlobals) = postSolution
		SolutionGuid = {D35436BB-306B-4A50-9565-0E4F3BF4553C}
	EndGlobalSection
EndGlobal
